// !$*UTF8*$!
{
	archiveVersion = 1;
	classes = {
	};
	objectVersion = 56;
	objects = {

/* Begin PBXBuildFile section */
		DD64FE932A3B5B110024AFC7 /* bookworm4App.swift in Sources */ = {isa = PBXBuildFile; fileRef = DD64FE922A3B5B110024AFC7 /* bookworm4App.swift */; };
		DD64FE952A3B5B110024AFC7 /* ContentView.swift in Sources */ = {isa = PBXBuildFile; fileRef = DD64FE942A3B5B110024AFC7 /* ContentView.swift */; };
		DD64FE972A3B5B130024AFC7 /* Assets.xcassets in Resources */ = {isa = PBXBuildFile; fileRef = DD64FE962A3B5B130024AFC7 /* Assets.xcassets */; };
		DD64FE9A2A3B5B130024AFC7 /* Preview Assets.xcassets in Resources */ = {isa = PBXBuildFile; fileRef = DD64FE992A3B5B130024AFC7 /* Preview Assets.xcassets */; };
		DD64FEA42A3B5B9D0024AFC7 /* DataController.swift in Sources */ = {isa = PBXBuildFile; fileRef = DD64FEA32A3B5B9D0024AFC7 /* DataController.swift */; };
		DD64FEB92A3BCEB70024AFC7 /* SwiftUIViewADDBOOK.swift in Sources */ = {isa = PBXBuildFile; fileRef = DD64FEB82A3BCEB70024AFC7 /* SwiftUIViewADDBOOK.swift */; };
		DD64FEBC2A3C5E420024AFC7 /* booksaving.xcdatamodeld in Sources */ = {isa = PBXBuildFile; fileRef = DD64FEBA2A3C5E420024AFC7 /* booksaving.xcdatamodeld */; };
		DD9E18F02A3C6BE400818FB2 /* ratingstartVIEW.swift in Sources */ = {isa = PBXBuildFile; fileRef = DD9E18EF2A3C6BE400818FB2 /* ratingstartVIEW.swift */; };
		DD9E18F22A3C854700818FB2 /* newfrontvieworganization.swift in Sources */ = {isa = PBXBuildFile; fileRef = DD9E18F12A3C854700818FB2 /* newfrontvieworganization.swift */; };
		DD9E18F42A3CA1C300818FB2 /* assetsphotoVIEW.swift in Sources */ = {isa = PBXBuildFile; fileRef = DD9E18F32A3CA1C300818FB2 /* assetsphotoVIEW.swift */; };
/* End PBXBuildFile section */

/* Begin PBXFileReference section */
		DD64FE8F2A3B5B110024AFC7 /* bookworm4.app */ = {isa = PBXFileReference; explicitFileType = wrapper.application; includeInIndex = 0; path = bookworm4.app; sourceTree = BUILT_PRODUCTS_DIR; };
		DD64FE922A3B5B110024AFC7 /* bookworm4App.swift */ = {isa = PBXFileReference; lastKnownFileType = sourcecode.swift; path = bookworm4App.swift; sourceTree = "<group>"; };
		DD64FE942A3B5B110024AFC7 /* ContentView.swift */ = {isa = PBXFileReference; lastKnownFileType = sourcecode.swift; path = ContentView.swift; sourceTree = "<group>"; };
		DD64FE962A3B5B130024AFC7 /* Assets.xcassets */ = {isa = PBXFileReference; lastKnownFileType = folder.assetcatalog; path = Assets.xcassets; sourceTree = "<group>"; };
		DD64FE992A3B5B130024AFC7 /* Preview Assets.xcassets */ = {isa = PBXFileReference; lastKnownFileType = folder.assetcatalog; path = "Preview Assets.xcassets"; sourceTree = "<group>"; };
		DD64FEA32A3B5B9D0024AFC7 /* DataController.swift */ = {isa = PBXFileReference; lastKnownFileType = sourcecode.swift; path = DataController.swift; sourceTree = "<group>"; };
		DD64FEB82A3BCEB70024AFC7 /* SwiftUIViewADDBOOK.swift */ = {isa = PBXFileReference; lastKnownFileType = sourcecode.swift; path = SwiftUIViewADDBOOK.swift; sourceTree = "<group>"; };
		DD64FEBB2A3C5E420024AFC7 /* booksaving.xcdatamodel */ = {isa = PBXFileReference; lastKnownFileType = wrapper.xcdatamodel; path = booksaving.xcdatamodel; sourceTree = "<group>"; };
		DD9E18EF2A3C6BE400818FB2 /* ratingstartVIEW.swift */ = {isa = PBXFileReference; lastKnownFileType = sourcecode.swift; path = ratingstartVIEW.swift; sourceTree = "<group>"; };
		DD9E18F12A3C854700818FB2 /* newfrontvieworganization.swift */ = {isa = PBXFileReference; lastKnownFileType = sourcecode.swift; path = newfrontvieworganization.swift; sourceTree = "<group>"; };
		DD9E18F32A3CA1C300818FB2 /* assetsphotoVIEW.swift */ = {isa = PBXFileReference; lastKnownFileType = sourcecode.swift; path = assetsphotoVIEW.swift; sourceTree = "<group>"; };
/* End PBXFileReference section */

/* Begin PBXFrameworksBuildPhase section */
		DD64FE8C2A3B5B110024AFC7 /* Frameworks */ = {
			isa = PBXFrameworksBuildPhase;
			buildActionMask = 2147483647;
			files = (
			);
			runOnlyForDeploymentPostprocessing = 0;
		};
/* End PBXFrameworksBuildPhase section */

/* Begin PBXGroup section */
		DD64FE862A3B5B110024AFC7 = {
			isa = PBXGroup;
			children = (
				DD64FE912A3B5B110024AFC7 /* bookworm4 */,
				DD64FE902A3B5B110024AFC7 /* Products */,
			);
			sourceTree = "<group>";
		};
		DD64FE902A3B5B110024AFC7 /* Products */ = {
			isa = PBXGroup;
			children = (
				DD64FE8F2A3B5B110024AFC7 /* bookworm4.app */,
			);
			name = Products;
			sourceTree = "<group>";
		};
		DD64FE912A3B5B110024AFC7 /* bookworm4 */ = {
			isa = PBXGroup;
			children = (
				DD64FE922A3B5B110024AFC7 /* bookworm4App.swift */,
				DD64FE942A3B5B110024AFC7 /* ContentView.swift */,
				DD64FEA32A3B5B9D0024AFC7 /* DataController.swift */,
				DD9E18EF2A3C6BE400818FB2 /* ratingstartVIEW.swift */,
				DD9E18F12A3C854700818FB2 /* newfrontvieworganization.swift */,
				DD64FEB82A3BCEB70024AFC7 /* SwiftUIViewADDBOOK.swift */,
				DD9E18F32A3CA1C300818FB2 /* assetsphotoVIEW.swift */,
				DD64FEBA2A3C5E420024AFC7 /* booksaving.xcdatamodeld */,
				DD64FE962A3B5B130024AFC7 /* Assets.xcassets */,
				DD64FE982A3B5B130024AFC7 /* Preview Content */,
			);
			path = bookworm4;
			sourceTree = "<group>";
		};
		DD64FE982A3B5B130024AFC7 /* Preview Content */ = {
			isa = PBXGroup;
			children = (
				DD64FE992A3B5B130024AFC7 /* Preview Assets.xcassets */,
			);
			path = "Preview Content";
			sourceTree = "<group>";
		};
/* End PBXGroup section */

/* Begin PBXNativeTarget section */
		DD64FE8E2A3B5B110024AFC7 /* bookworm4 */ = {
			isa = PBXNativeTarget;
			buildConfigurationList = DD64FE9D2A3B5B130024AFC7 /* Build configuration list for PBXNativeTarget "bookworm4" */;
			buildPhases = (
				DD64FE8B2A3B5B110024AFC7 /* Sources */,
				DD64FE8C2A3B5B110024AFC7 /* Frameworks */,
				DD64FE8D2A3B5B110024AFC7 /* Resources */,
			);
			buildRules = (
			);
			dependencies = (
			);
			name = bookworm4;
			productName = bookworm4;
			productReference = DD64FE8F2A3B5B110024AFC7 /* bookworm4.app */;
			productType = "com.apple.product-type.application";
		};
/* End PBXNativeTarget section */

/* Begin PBXProject section */
		DD64FE872A3B5B110024AFC7 /* Project object */ = {
			isa = PBXProject;
			attributes = {
				BuildIndependentTargetsInParallel = 1;
				LastSwiftUpdateCheck = 1430;
				LastUpgradeCheck = 1430;
				TargetAttributes = {
					DD64FE8E2A3B5B110024AFC7 = {
						CreatedOnToolsVersion = 14.3.1;
					};
				};
			};
			buildConfigurationList = DD64FE8A2A3B5B110024AFC7 /* Build configuration list for PBXProject "bookworm4" */;
			compatibilityVersion = "Xcode 14.0";
			developmentRegion = en;
			hasScannedForEncodings = 0;
			knownRegions = (
				en,
				Base,
			);
			mainGroup = DD64FE862A3B5B110024AFC7;
			productRefGroup = DD64FE902A3B5B110024AFC7 /* Products */;
			projectDirPath = "";
			projectRoot = "";
			targets = (
				DD64FE8E2A3B5B110024AFC7 /* bookworm4 */,
			);
		};
/* End PBXProject section */

/* Begin PBXResourcesBuildPhase section */
		DD64FE8D2A3B5B110024AFC7 /* Resources */ = {
			isa = PBXResourcesBuildPhase;
			buildActionMask = 2147483647;
			files = (
				DD64FE9A2A3B5B130024AFC7 /* Preview Assets.xcassets in Resources */,
				DD64FE972A3B5B130024AFC7 /* Assets.xcassets in Resources */,
			);
			runOnlyForDeploymentPostprocessing = 0;
		};
/* End PBXResourcesBuildPhase section */

/* Begin PBXSourcesBuildPhase section */
		DD64FE8B2A3B5B110024AFC7 /* Sources */ = {
			isa = PBXSourcesBuildPhase;
			buildActionMask = 2147483647;
			files = (
				DD9E18F42A3CA1C300818FB2 /* assetsphotoVIEW.swift in Sources */,
				DD9E18F22A3C854700818FB2 /* newfrontvieworganization.swift in Sources */,
				DD64FE952A3B5B110024AFC7 /* ContentView.swift in Sources */,
				DD64FEBC2A3C5E420024AFC7 /* booksaving.xcdatamodeld in Sources */,
				DD9E18F02A3C6BE400818FB2 /* ratingstartVIEW.swift in Sources */,
				DD64FEA42A3B5B9D0024AFC7 /* DataController.swift in Sources */,
				DD64FEB92A3BCEB70024AFC7 /* SwiftUIViewADDBOOK.swift in Sources */,
				DD64FE932A3B5B110024AFC7 /* bookworm4App.swift in Sources */,
			);
			runOnlyForDeploymentPostprocessing = 0;
		};
/* End PBXSourcesBuildPhase section */

/* Begin XCBuildConfiguration section */
		DD64FE9B2A3B5B130024AFC7 /* Debug */ = {
			isa = XCBuildConfiguration;
			buildSettings = {
				ALWAYS_SEARCH_USER_PATHS = NO;
				CLANG_ANALYZER_NONNULL = YES;
				CLANG_ANALYZER_NUMBER_OBJECT_CONVERSION = YES_AGGRESSIVE;
				CLANG_CXX_LANGUAGE_STANDARD = "gnu++20";
				CLANG_ENABLE_MODULES = YES;
				CLANG_ENABLE_OBJC_ARC = YES;
				CLANG_ENABLE_OBJC_WEAK = YES;
				CLANG_WARN_BLOCK_CAPTURE_AUTORELEASING = YES;
				CLANG_WARN_BOOL_CONVERSION = YES;
				CLANG_WARN_COMMA = YES;
				CLANG_WARN_CONSTANT_CONVERSION = YES;
				CLANG_WARN_DEPRECATED_OBJC_IMPLEMENTATIONS = YES;
				CLANG_WARN_DIRECT_OBJC_ISA_USAGE = YES_ERROR;
				CLANG_WARN_DOCUMENTATION_COMMENTS = YES;
				CLANG_WARN_EMPTY_BODY = YES;
				CLANG_WARN_ENUM_CONVERSION = YES;
				CLANG_WARN_INFINITE_RECURSION = YES;
				CLANG_WARN_INT_CONVERSION = YES;
				CLANG_WARN_NON_LITERAL_NULL_CONVERSION = YES;
				CLANG_WARN_OBJC_IMPLICIT_RETAIN_SELF = YES;
				CLANG_WARN_OBJC_LITERAL_CONVERSION = YES;
				CLANG_WARN_OBJC_ROOT_CLASS = YES_ERROR;
				CLANG_WARN_QUOTED_INCLUDE_IN_FRAMEWORK_HEADER = YES;
				CLANG_WARN_RANGE_LOOP_ANALYSIS = YES;
				CLANG_WARN_STRICT_PROTOTYPES = YES;
				CLANG_WARN_SUSPICIOUS_MOVE = YES;
				CLANG_WARN_UNGUARDED_AVAILABILITY = YES_AGGRESSIVE;
				CLANG_WARN_UNREACHABLE_CODE = YES;
				CLANG_WARN__DUPLICATE_METHOD_MATCH = YES;
				COPY_PHASE_STRIP = NO;
				DEBUG_INFORMATION_FORMAT = dwarf;
				ENABLE_STRICT_OBJC_MSGSEND = YES;
				ENABLE_TESTABILITY = YES;
				GCC_C_LANGUAGE_STANDARD = gnu11;
				GCC_DYNAMIC_NO_PIC = NO;
				GCC_NO_COMMON_BLOCKS = YES;
				GCC_OPTIMIZATION_LEVEL = 0;
				GCC_PREPROCESSOR_DEFINITIONS = (
					"DEBUG=1",
					"$(inherited)",
				);
				GCC_WARN_64_TO_32_BIT_CONVERSION = YES;
				GCC_WARN_ABOUT_RETURN_TYPE = YES_ERROR;
				GCC_WARN_UNDECLARED_SELECTOR = YES;
				GCC_WARN_UNINITIALIZED_AUTOS = YES_AGGRESSIVE;
				GCC_WARN_UNUSED_FUNCTION = YES;
				GCC_WARN_UNUSED_VARIABLE = YES;
				IPHONEOS_DEPLOYMENT_TARGET = 16.4;
				MTL_ENABLE_DEBUG_INFO = INCLUDE_SOURCE;
				MTL_FAST_MATH = YES;
				ONLY_ACTIVE_ARCH = YES;
				SDKROOT = iphoneos;
				SWIFT_ACTIVE_COMPILATION_CONDITIONS = DEBUG;
				SWIFT_OPTIMIZATION_LEVEL = "-Onone";
			};
			name = Debug;
		};
		DD64FE9C2A3B5B130024AFC7 /* Release */ = {
			isa = XCBuildConfiguration;
			buildSettings = {
				ALWAYS_SEARCH_USER_PATHS = NO;
				CLANG_ANALYZER_NONNULL = YES;
				CLANG_ANALYZER_NUMBER_OBJECT_CONVERSION = YES_AGGRESSIVE;
				CLANG_CXX_LANGUAGE_STANDARD = "gnu++20";
				CLANG_ENABLE_MODULES = YES;
				CLANG_ENABLE_OBJC_ARC = YES;
				CLANG_ENABLE_OBJC_WEAK = YES;
				CLANG_WARN_BLOCK_CAPTURE_AUTORELEASING = YES;
				CLANG_WARN_BOOL_CONVERSION = YES;
				CLANG_WARN_COMMA = YES;
				CLANG_WARN_CONSTANT_CONVERSION = YES;
				CLANG_WARN_DEPRECATED_OBJC_IMPLEMENTATIONS = YES;
				CLANG_WARN_DIRECT_OBJC_ISA_USAGE = YES_ERROR;
				CLANG_WARN_DOCUMENTATION_COMMENTS = YES;
				CLANG_WARN_EMPTY_BODY = YES;
				CLANG_WARN_ENUM_CONVERSION = YES;
				CLANG_WARN_INFINITE_RECURSION = YES;
				CLANG_WARN_INT_CONVERSION = YES;
				CLANG_WARN_NON_LITERAL_NULL_CONVERSION = YES;
				CLANG_WARN_OBJC_IMPLICIT_RETAIN_SELF = YES;
				CLANG_WARN_OBJC_LITERAL_CONVERSION = YES;
				CLANG_WARN_OBJC_ROOT_CLASS = YES_ERROR;
				CLANG_WARN_QUOTED_INCLUDE_IN_FRAMEWORK_HEADER = YES;
				CLANG_WARN_RANGE_LOOP_ANALYSIS = YES;
				CLANG_WARN_STRICT_PROTOTYPES = YES;
				CLANG_WARN_SUSPICIOUS_MOVE = YES;
				CLANG_WARN_UNGUARDED_AVAILABILITY = YES_AGGRESSIVE;
				CLANG_WARN_UNREACHABLE_CODE = YES;
				CLANG_WARN__DUPLICATE_METHOD_MATCH = YES;
				COPY_PHASE_STRIP = NO;
				DEBUG_INFORMATION_FORMAT = "dwarf-with-dsym";
				ENABLE_NS_ASSERTIONS = NO;
				ENABLE_STRICT_OBJC_MSGSEND = YES;
				GCC_C_LANGUAGE_STANDARD = gnu11;
				GCC_NO_COMMON_BLOCKS = YES;
				GCC_WARN_64_TO_32_BIT_CONVERSION = YES;
				GCC_WARN_ABOUT_RETURN_TYPE = YES_ERROR;
				GCC_WARN_UNDECLARED_SELECTOR = YES;
				GCC_WARN_UNINITIALIZED_AUTOS = YES_AGGRESSIVE;
				GCC_WARN_UNUSED_FUNCTION = YES;
				GCC_WARN_UNUSED_VARIABLE = YES;
				IPHONEOS_DEPLOYMENT_TARGET = 16.4;
				MTL_ENABLE_DEBUG_INFO = NO;
				MTL_FAST_MATH = YES;
				SDKROOT = iphoneos;
				SWIFT_COMPILATION_MODE = wholemodule;
				SWIFT_OPTIMIZATION_LEVEL = "-O";
				VALIDATE_PRODUCT = YES;
			};
			name = Release;
		};
		DD64FE9E2A3B5B130024AFC7 /* Debug */ = {
			isa = XCBuildConfiguration;
			buildSettings = {
				ASSETCATALOG_COMPILER_APPICON_NAME = AppIcon;
				ASSETCATALOG_COMPILER_GLOBAL_ACCENT_COLOR_NAME = AccentColor;
				CODE_SIGN_STYLE = Automatic;
				CURRENT_PROJECT_VERSION = 1;
				DEVELOPMENT_ASSET_PATHS = "\"bookworm4/Preview Content\"";
				ENABLE_PREVIEWS = YES;
				GENERATE_INFOPLIST_FILE = YES;
				INFOPLIST_KEY_UIApplicationSceneManifest_Generation = YES;
				INFOPLIST_KEY_UIApplicationSupportsIndirectInputEvents = YES;
				INFOPLIST_KEY_UILaunchScreen_Generation = YES;
				INFOPLIST_KEY_UISupportedInterfaceOrientations_iPad = "UIInterfaceOrientationPortrait UIInterfaceOrientationPortraitUpsideDown UIInterfaceOrientationLandscapeLeft UIInterfaceOrientationLandscapeRight";
				INFOPLIST_KEY_UISupportedInterfaceOrientations_iPhone = "UIInterfaceOrientationPortrait UIInterfaceOrientationLandscapeLeft UIInterfaceOrientationLandscapeRight";
				LD_RUNPATH_SEARCH_PATHS = (
					"$(inherited)",
					"@executable_path/Frameworks",
				);
				MARKETING_VERSION = 1.0;
				PRODUCT_BUNDLE_IDENTIFIER = me.tafvizi.pegah.bookworm4;
				PRODUCT_NAME = "$(TARGET_NAME)";
				SWIFT_EMIT_LOC_STRINGS = YES;
				SWIFT_VERSION = 5.0;
				TARGETED_DEVICE_FAMILY = "1,2";
			};
			name = Debug;
		};
		DD64FE9F2A3B5B130024AFC7 /* Release */ = {
			isa = XCBuildConfiguration;
			buildSettings = {
				ASSETCATALOG_COMPILER_APPICON_NAME = AppIcon;
				ASSETCATALOG_COMPILER_GLOBAL_ACCENT_COLOR_NAME = AccentColor;
				CODE_SIGN_STYLE = Automatic;
				CURRENT_PROJECT_VERSION = 1;
				DEVELOPMENT_ASSET_PATHS = "\"bookworm4/Preview Content\"";
				ENABLE_PREVIEWS = YES;
				GENERATE_INFOPLIST_FILE = YES;
				INFOPLIST_KEY_UIApplicationSceneManifest_Generation = YES;
				INFOPLIST_KEY_UIApplicationSupportsIndirectInputEvents = YES;
				INFOPLIST_KEY_UILaunchScreen_Generation = YES;
				INFOPLIST_KEY_UISupportedInterfaceOrientations_iPad = "UIInterfaceOrientationPortrait UIInterfaceOrientationPortraitUpsideDown UIInterfaceOrientationLandscapeLeft UIInterfaceOrientationLandscapeRight";
				INFOPLIST_KEY_UISupportedInterfaceOrientations_iPhone = "UIInterfaceOrientationPortrait UIInterfaceOrientationLandscapeLeft UIInterfaceOrientationLandscapeRight";
				LD_RUNPATH_SEARCH_PATHS = (
					"$(inherited)",
					"@executable_path/Frameworks",
				);
				MARKETING_VERSION = 1.0;
				PRODUCT_BUNDLE_IDENTIFIER = me.tafvizi.pegah.bookworm4;
				PRODUCT_NAME = "$(TARGET_NAME)";
				SWIFT_EMIT_LOC_STRINGS = YES;
				SWIFT_VERSION = 5.0;
				TARGETED_DEVICE_FAMILY = "1,2";
			};
			name = Release;
		};
/* End XCBuildConfiguration section */

/* Begin XCConfigurationList section */
		DD64FE8A2A3B5B110024AFC7 /* Build configuration list for PBXProject "bookworm4" */ = {
			isa = XCConfigurationList;
			buildConfigurations = (
				DD64FE9B2A3B5B130024AFC7 /* Debug */,
				DD64FE9C2A3B5B130024AFC7 /* Release */,
			);
			defaultConfigurationIsVisible = 0;
			defaultConfigurationName = Release;
		};
		DD64FE9D2A3B5B130024AFC7 /* Build configuration list for PBXNativeTarget "bookworm4" */ = {
			isa = XCConfigurationList;
			buildConfigurations = (
				DD64FE9E2A3B5B130024AFC7 /* Debug */,
				DD64FE9F2A3B5B130024AFC7 /* Release */,
			);
			defaultConfigurationIsVisible = 0;
			defaultConfigurationName = Release;
		};
/* End XCConfigurationList section */

/* Begin XCVersionGroup section */
		DD64FEBA2A3C5E420024AFC7 /* booksaving.xcdatamodeld */ = {
			isa = XCVersionGroup;
			children = (
				DD64FEBB2A3C5E420024AFC7 /* booksaving.xcdatamodel */,
			);
			currentVersion = DD64FEBB2A3C5E420024AFC7 /* booksaving.xcdatamodel */;
			path = booksaving.xcdatamodeld;
			sourceTree = "<group>";
			versionGroupType = wrapper.xcdatamodel;
		};
/* End XCVersionGroup section */
	};
	rootObject = DD64FE872A3B5B110024AFC7 /* Project object */;
}
